Microsoft Visual Studio Solution File, Format Version 11.00
# Visual Studio 2019

Project("{8BC9CEB8-8B4A-11D0-8D11-00A0C91BC942}") = "distortion vst - VST", "distortion vst_VST.vcxproj", "{F24B8A18-E6BB-A017-E852-D66E9C5D2BBC}"
	ProjectSection(ProjectDependencies) = postProject
		{263FB59E-FFED-3F06-A583-03046E0245E5} = {263FB59E-FFED-3F06-A583-03046E0245E5}
	EndProjectSection
EndProject
Project("{8BC9CEB8-8B4A-11D0-8D11-00A0C91BC942}") = "distortion vst - Shared Code", "distortion vst_SharedCode.vcxproj", "{263FB59E-FFED-3F06-A583-03046E0245E5}"
EndProject
Global
	GlobalSection(SolutionConfigurationPlatforms) = preSolution
		Debug|x64 = Debug|x64
		Release|x64 = Release|x64
	EndGlobalSection
	GlobalSection(ProjectConfigurationPlatforms) = postSolution
		{F24B8A18-E6BB-A017-E852-D66E9C5D2BBC}.Debug|x64.ActiveCfg = Debug|x64
		{F24B8A18-E6BB-A017-E852-D66E9C5D2BBC}.Debug|x64.Build.0 = Debug|x64
		{F24B8A18-E6BB-A017-E852-D66E9C5D2BBC}.Release|x64.ActiveCfg = Release|x64
		{F24B8A18-E6BB-A017-E852-D66E9C5D2BBC}.Release|x64.Build.0 = Release|x64
		{263FB59E-FFED-3F06-A583-03046E0245E5}.Debug|x64.ActiveCfg = Debug|x64
		{263FB59E-FFED-3F06-A583-03046E0245E5}.Debug|x64.Build.0 = Debug|x64
		{263FB59E-FFED-3F06-A583-03046E0245E5}.Release|x64.ActiveCfg = Release|x64
		{263FB59E-FFED-3F06-A583-03046E0245E5}.Release|x64.Build.0 = Release|x64
	EndGlobalSection
	GlobalSection(SolutionProperties) = preSolution
		HideSolutionNode = FALSE
	EndGlobalSection
EndGlobal
